
Microsoft Visual Studio Solution File, Format Version 11.00
# Visual Studio 2010
Project("{FAE04EC0-301F-11D3-BF4B-00C04F79EFBC}") = "MetadataProcessor", "MetadataProcessor\MetadataProcessor.csproj", "{B3C4DE16-3828-41A2-AC74-2D8D2AC7EFBE}"
EndProject
Project("{FAE04EC0-301F-11D3-BF4B-00C04F79EFBC}") = "MetadataProcessor.Tests", "MetadataProcessor.Tests\MetadataProcessor.Tests.csproj", "{8216D9E3-2F46-435F-BEF3-69E5DA3F9A50}"
EndProject
Project("{2150E333-8FDC-42A3-9474-1A3956D46DE8}") = "README", "README", "{06418E1C-F1F2-4787-AB4A-7C6D5191E12E}"
	ProjectSection(SolutionItems) = preProject
		..\LICENSE.txt = ..\LICENSE.txt
		..\NOTICES.txt = ..\NOTICES.txt
		..\README.markdown = ..\README.markdown
	EndProjectSection
EndProject
Project("{2150E333-8FDC-42A3-9474-1A3956D46DE8}") = "Build", "Build", "{E20EDE46-C510-4CC1-93E9-CB3A7C2202B3}"
	ProjectSection(SolutionItems) = preProject
		build.xml = build.xml
		Package.nuspec.xml = Package.nuspec.xml
		PartCover4.settings.xml = PartCover4.settings.xml
	EndProjectSection
EndProject
Global
	GlobalSection(SolutionConfigurationPlatforms) = preSolution
		Debug|Any CPU = Debug|Any CPU
		Release|Any CPU = Release|Any CPU
	EndGlobalSection
	GlobalSection(ProjectConfigurationPlatforms) = postSolution
		{B3C4DE16-3828-41A2-AC74-2D8D2AC7EFBE}.Debug|Any CPU.ActiveCfg = Debug|Any CPU
		{B3C4DE16-3828-41A2-AC74-2D8D2AC7EFBE}.Debug|Any CPU.Build.0 = Debug|Any CPU
		{B3C4DE16-3828-41A2-AC74-2D8D2AC7EFBE}.Release|Any CPU.ActiveCfg = Release|Any CPU
		{B3C4DE16-3828-41A2-AC74-2D8D2AC7EFBE}.Release|Any CPU.Build.0 = Release|Any CPU
		{8216D9E3-2F46-435F-BEF3-69E5DA3F9A50}.Debug|Any CPU.ActiveCfg = Debug|Any CPU
		{8216D9E3-2F46-435F-BEF3-69E5DA3F9A50}.Debug|Any CPU.Build.0 = Debug|Any CPU
		{8216D9E3-2F46-435F-BEF3-69E5DA3F9A50}.Release|Any CPU.ActiveCfg = Release|Any CPU
		{8216D9E3-2F46-435F-BEF3-69E5DA3F9A50}.Release|Any CPU.Build.0 = Release|Any CPU
	EndGlobalSection
	GlobalSection(SolutionProperties) = preSolution
		HideSolutionNode = FALSE
	EndGlobalSection
EndGlobal
